
Microsoft Visual Studio Solution File, Format Version 12.00
# Visual Studio Version 17
VisualStudioVersion = 17.8.34511.84
MinimumVisualStudioVersion = 10.0.40219.1
Project("{FAE04EC0-301F-11D3-BF4B-00C04F79EFBC}") = "TodoApi", "TodoApi\TodoApi.csproj", "{77CFAC38-70C0-4F82-BA1A-C5DDF090F29D}"
EndProject
Global
	GlobalSection(SolutionConfigurationPlatforms) = preSolution
		Debug|Any CPU = Debug|Any CPU
		Release|Any CPU = Release|Any CPU
	EndGlobalSection
	GlobalSection(ProjectConfigurationPlatforms) = postSolution
		{77CFAC38-70C0-4F82-BA1A-C5DDF090F29D}.Debug|Any CPU.ActiveCfg = Debug|Any CPU
		{77CFAC38-70C0-4F82-BA1A-C5DDF090F29D}.Debug|Any CPU.Build.0 = Debug|Any CPU
		{77CFAC38-70C0-4F82-BA1A-C5DDF090F29D}.Release|Any CPU.ActiveCfg = Release|Any CPU
		{77CFAC38-70C0-4F82-BA1A-C5DDF090F29D}.Release|Any CPU.Build.0 = Release|Any CPU
	EndGlobalSection
	GlobalSection(SolutionProperties) = preSolution
		HideSolutionNode = FALSE
	EndGlobalSection
	GlobalSection(ExtensibilityGlobals) = postSolution
		SolutionGuid = {79ADB21D-5093-4D90-82F9-740C5C195BFD}
	EndGlobalSection
EndGlobal
